
Microsoft Visual Studio Solution File, Format Version 12.00
# Visual Studio 14
VisualStudioVersion = 14.0.25420.1
MinimumVisualStudioVersion = 10.0.40219.1
Project("{8BC9CEB8-8B4A-11D0-8D11-00A0C91BC942}") = "Bt_1", "Set_bt_sgk_trang_50_51\Set_bt_sgk_trang_50_51.vcxproj", "{9E97E4D7-09AD-4BC1-ACFE-59C917317061}"
EndProject
Project("{8BC9CEB8-8B4A-11D0-8D11-00A0C91BC942}") = "Bt_2", "Bt_2\Bt_2.vcxproj", "{45B2302A-0CC8-436F-BCFA-E788FAEEA3CE}"
EndProject
Project("{8BC9CEB8-8B4A-11D0-8D11-00A0C91BC942}") = "Bt_3", "Bt_3\Bt_3.vcxproj", "{29E34BAD-E86C-416B-8380-AAC72CCE76FC}"
EndProject
Project("{8BC9CEB8-8B4A-11D0-8D11-00A0C91BC942}") = "Bt_4", "Bt_4\Bt_4.vcxproj", "{18CA3414-AE80-44E0-8DBB-BD8537E3171A}"
EndProject
Project("{8BC9CEB8-8B4A-11D0-8D11-00A0C91BC942}") = "Bt_5", "Bt_5\Bt_5.vcxproj", "{42327042-4806-4EFF-A642-ED4B1E181C1F}"
EndProject
Project("{8BC9CEB8-8B4A-11D0-8D11-00A0C91BC942}") = "Bt_6", "Bt_6\Bt_6.vcxproj", "{FDEADDEB-FDA4-4102-8C51-382DC69B5DE9}"
EndProject
Project("{8BC9CEB8-8B4A-11D0-8D11-00A0C91BC942}") = "Bt_7", "Bt_7\Bt_7.vcxproj", "{831738E5-F5C9-4317-9F7B-A071157F38AC}"
EndProject
Project("{8BC9CEB8-8B4A-11D0-8D11-00A0C91BC942}") = "Bt_8", "Bt_8\Bt_8.vcxproj", "{01867F90-8F3B-44D7-A5DE-26BC9FA56A5A}"
EndProject
Project("{8BC9CEB8-8B4A-11D0-8D11-00A0C91BC942}") = "Bt_9", "Bt_9\Bt_9.vcxproj", "{F3ED05B9-2A37-4B07-AA91-CF7D96AC6466}"
EndProject
Project("{8BC9CEB8-8B4A-11D0-8D11-00A0C91BC942}") = "Bt_10", "Bt_10\Bt_10.vcxproj", "{134A3AD3-9F59-49AA-8EFD-97B838231000}"
EndProject
Project("{8BC9CEB8-8B4A-11D0-8D11-00A0C91BC942}") = "Bt_11", "Bt_11\Bt_11.vcxproj", "{5CFD3720-DC68-42B7-A96B-FB811E66FCB4}"
EndProject
Project("{8BC9CEB8-8B4A-11D0-8D11-00A0C91BC942}") = "Bt_12", "Bt_12\Bt_12.vcxproj", "{BA5033FF-2BDA-4E6F-8928-C0B4B7CEE4BF}"
EndProject
Global
	GlobalSection(SolutionConfigurationPlatforms) = preSolution
		Debug|x64 = Debug|x64
		Debug|x86 = Debug|x86
		Release|x64 = Release|x64
		Release|x86 = Release|x86
	EndGlobalSection
	GlobalSection(ProjectConfigurationPlatforms) = postSolution
		{9E97E4D7-09AD-4BC1-ACFE-59C917317061}.Debug|x64.ActiveCfg = Debug|x64
		{9E97E4D7-09AD-4BC1-ACFE-59C917317061}.Debug|x64.Build.0 = Debug|x64
		{9E97E4D7-09AD-4BC1-ACFE-59C917317061}.Debug|x86.ActiveCfg = Debug|Win32
		{9E97E4D7-09AD-4BC1-ACFE-59C917317061}.Debug|x86.Build.0 = Debug|Win32
		{9E97E4D7-09AD-4BC1-ACFE-59C917317061}.Release|x64.ActiveCfg = Release|x64
		{9E97E4D7-09AD-4BC1-ACFE-59C917317061}.Release|x64.Build.0 = Release|x64
		{9E97E4D7-09AD-4BC1-ACFE-59C917317061}.Release|x86.ActiveCfg = Release|Win32
		{9E97E4D7-09AD-4BC1-ACFE-59C917317061}.Release|x86.Build.0 = Release|Win32
		{45B2302A-0CC8-436F-BCFA-E788FAEEA3CE}.Debug|x64.ActiveCfg = Debug|x64
		{45B2302A-0CC8-436F-BCFA-E788FAEEA3CE}.Debug|x64.Build.0 = Debug|x64
		{45B2302A-0CC8-436F-BCFA-E788FAEEA3CE}.Debug|x86.ActiveCfg = Debug|Win32
		{45B2302A-0CC8-436F-BCFA-E788FAEEA3CE}.Debug|x86.Build.0 = Debug|Win32
		{45B2302A-0CC8-436F-BCFA-E788FAEEA3CE}.Release|x64.ActiveCfg = Release|x64
		{45B2302A-0CC8-436F-BCFA-E788FAEEA3CE}.Release|x64.Build.0 = Release|x64
		{45B2302A-0CC8-436F-BCFA-E788FAEEA3CE}.Release|x86.ActiveCfg = Release|Win32
		{45B2302A-0CC8-436F-BCFA-E788FAEEA3CE}.Release|x86.Build.0 = Release|Win32
		{29E34BAD-E86C-416B-8380-AAC72CCE76FC}.Debug|x64.ActiveCfg = Debug|x64
		{29E34BAD-E86C-416B-8380-AAC72CCE76FC}.Debug|x64.Build.0 = Debug|x64
		{29E34BAD-E86C-416B-8380-AAC72CCE76FC}.Debug|x86.ActiveCfg = Debug|Win32
		{29E34BAD-E86C-416B-8380-AAC72CCE76FC}.Debug|x86.Build.0 = Debug|Win32
		{29E34BAD-E86C-416B-8380-AAC72CCE76FC}.Release|x64.ActiveCfg = Release|x64
		{29E34BAD-E86C-416B-8380-AAC72CCE76FC}.Release|x64.Build.0 = Release|x64
		{29E34BAD-E86C-416B-8380-AAC72CCE76FC}.Release|x86.ActiveCfg = Release|Win32
		{29E34BAD-E86C-416B-8380-AAC72CCE76FC}.Release|x86.Build.0 = Release|Win32
		{18CA3414-AE80-44E0-8DBB-BD8537E3171A}.Debug|x64.ActiveCfg = Debug|x64
		{18CA3414-AE80-44E0-8DBB-BD8537E3171A}.Debug|x64.Build.0 = Debug|x64
		{18CA3414-AE80-44E0-8DBB-BD8537E3171A}.Debug|x86.ActiveCfg = Debug|Win32
		{18CA3414-AE80-44E0-8DBB-BD8537E3171A}.Debug|x86.Build.0 = Debug|Win32
		{18CA3414-AE80-44E0-8DBB-BD8537E3171A}.Release|x64.ActiveCfg = Release|x64
		{18CA3414-AE80-44E0-8DBB-BD8537E3171A}.Release|x64.Build.0 = Release|x64
		{18CA3414-AE80-44E0-8DBB-BD8537E3171A}.Release|x86.ActiveCfg = Release|Win32
		{18CA3414-AE80-44E0-8DBB-BD8537E3171A}.Release|x86.Build.0 = Release|Win32
		{42327042-4806-4EFF-A642-ED4B1E181C1F}.Debug|x64.ActiveCfg = Debug|x64
		{42327042-4806-4EFF-A642-ED4B1E181C1F}.Debug|x64.Build.0 = Debug|x64
		{42327042-4806-4EFF-A642-ED4B1E181C1F}.Debug|x86.ActiveCfg = Debug|Win32
		{42327042-4806-4EFF-A642-ED4B1E181C1F}.Debug|x86.Build.0 = Debug|Win32
		{42327042-4806-4EFF-A642-ED4B1E181C1F}.Release|x64.ActiveCfg = Release|x64
		{42327042-4806-4EFF-A642-ED4B1E181C1F}.Release|x64.Build.0 = Release|x64
		{42327042-4806-4EFF-A642-ED4B1E181C1F}.Release|x86.ActiveCfg = Release|Win32
		{42327042-4806-4EFF-A642-ED4B1E181C1F}.Release|x86.Build.0 = Release|Win32
		{FDEADDEB-FDA4-4102-8C51-382DC69B5DE9}.Debug|x64.ActiveCfg = Debug|x64
		{FDEADDEB-FDA4-4102-8C51-382DC69B5DE9}.Debug|x64.Build.0 = Debug|x64
		{FDEADDEB-FDA4-4102-8C51-382DC69B5DE9}.Debug|x86.ActiveCfg = Debug|Win32
		{FDEADDEB-FDA4-4102-8C51-382DC69B5DE9}.Debug|x86.Build.0 = Debug|Win32
		{FDEADDEB-FDA4-4102-8C51-382DC69B5DE9}.Release|x64.ActiveCfg = Release|x64
		{FDEADDEB-FDA4-4102-8C51-382DC69B5DE9}.Release|x64.Build.0 = Release|x64
		{FDEADDEB-FDA4-4102-8C51-382DC69B5DE9}.Release|x86.ActiveCfg = Release|Win32
		{FDEADDEB-FDA4-4102-8C51-382DC69B5DE9}.Release|x86.Build.0 = Release|Win32
		{831738E5-F5C9-4317-9F7B-A071157F38AC}.Debug|x64.ActiveCfg = Debug|x64
		{831738E5-F5C9-4317-9F7B-A071157F38AC}.Debug|x64.Build.0 = Debug|x64
		{831738E5-F5C9-4317-9F7B-A071157F38AC}.Debug|x86.ActiveCfg = Debug|Win32
		{831738E5-F5C9-4317-9F7B-A071157F38AC}.Debug|x86.Build.0 = Debug|Win32
		{831738E5-F5C9-4317-9F7B-A071157F38AC}.Release|x64.ActiveCfg = Release|x64
		{831738E5-F5C9-4317-9F7B-A071157F38AC}.Release|x64.Build.0 = Release|x64
		{831738E5-F5C9-4317-9F7B-A071157F38AC}.Release|x86.ActiveCfg = Release|Win32
		{831738E5-F5C9-4317-9F7B-A071157F38AC}.Release|x86.Build.0 = Release|Win32
		{01867F90-8F3B-44D7-A5DE-26BC9FA56A5A}.Debug|x64.ActiveCfg = Debug|x64
		{01867F90-8F3B-44D7-A5DE-26BC9FA56A5A}.Debug|x64.Build.0 = Debug|x64
		{01867F90-8F3B-44D7-A5DE-26BC9FA56A5A}.Debug|x86.ActiveCfg = Debug|Win32
		{01867F90-8F3B-44D7-A5DE-26BC9FA56A5A}.Debug|x86.Build.0 = Debug|Win32
		{01867F90-8F3B-44D7-A5DE-26BC9FA56A5A}.Release|x64.ActiveCfg = Release|x64
		{01867F90-8F3B-44D7-A5DE-26BC9FA56A5A}.Release|x64.Build.0 = Release|x64
		{01867F90-8F3B-44D7-A5DE-26BC9FA56A5A}.Release|x86.ActiveCfg = Release|Win32
		{01867F90-8F3B-44D7-A5DE-26BC9FA56A5A}.Release|x86.Build.0 = Release|Win32
		{F3ED05B9-2A37-4B07-AA91-CF7D96AC6466}.Debug|x64.ActiveCfg = Debug|x64
		{F3ED05B9-2A37-4B07-AA91-CF7D96AC6466}.Debug|x64.Build.0 = Debug|x64
		{F3ED05B9-2A37-4B07-AA91-CF7D96AC6466}.Debug|x86.ActiveCfg = Debug|Win32
		{F3ED05B9-2A37-4B07-AA91-CF7D96AC6466}.Debug|x86.Build.0 = Debug|Win32
		{F3ED05B9-2A37-4B07-AA91-CF7D96AC6466}.Release|x64.ActiveCfg = Release|x64
		{F3ED05B9-2A37-4B07-AA91-CF7D96AC6466}.Release|x64.Build.0 = Release|x64
		{F3ED05B9-2A37-4B07-AA91-CF7D96AC6466}.Release|x86.ActiveCfg = Release|Win32
		{F3ED05B9-2A37-4B07-AA91-CF7D96AC6466}.Release|x86.Build.0 = Release|Win32
		{134A3AD3-9F59-49AA-8EFD-97B838231000}.Debug|x64.ActiveCfg = Debug|x64
		{134A3AD3-9F59-49AA-8EFD-97B838231000}.Debug|x64.Build.0 = Debug|x64
		{134A3AD3-9F59-49AA-8EFD-97B838231000}.Debug|x86.ActiveCfg = Debug|Win32
		{134A3AD3-9F59-49AA-8EFD-97B838231000}.Debug|x86.Build.0 = Debug|Win32
		{134A3AD3-9F59-49AA-8EFD-97B838231000}.Release|x64.ActiveCfg = Release|x64
		{134A3AD3-9F59-49AA-8EFD-97B838231000}.Release|x64.Build.0 = Release|x64
		{134A3AD3-9F59-49AA-8EFD-97B838231000}.Release|x86.ActiveCfg = Release|Win32
		{134A3AD3-9F59-49AA-8EFD-97B838231000}.Release|x86.Build.0 = Release|Win32
		{5CFD3720-DC68-42B7-A96B-FB811E66FCB4}.Debug|x64.ActiveCfg = Debug|x64
		{5CFD3720-DC68-42B7-A96B-FB811E66FCB4}.Debug|x64.Build.0 = Debug|x64
		{5CFD3720-DC68-42B7-A96B-FB811E66FCB4}.Debug|x86.ActiveCfg = Debug|Win32
		{5CFD3720-DC68-42B7-A96B-FB811E66FCB4}.Debug|x86.Build.0 = Debug|Win32
		{5CFD3720-DC68-42B7-A96B-FB811E66FCB4}.Release|x64.ActiveCfg = Release|x64
		{5CFD3720-DC68-42B7-A96B-FB811E66FCB4}.Release|x64.Build.0 = Release|x64
		{5CFD3720-DC68-42B7-A96B-FB811E66FCB4}.Release|x86.ActiveCfg = Release|Win32
		{5CFD3720-DC68-42B7-A96B-FB811E66FCB4}.Release|x86.Build.0 = Release|Win32
		{BA5033FF-2BDA-4E6F-8928-C0B4B7CEE4BF}.Debug|x64.ActiveCfg = Debug|x64
		{BA5033FF-2BDA-4E6F-8928-C0B4B7CEE4BF}.Debug|x64.Build.0 = Debug|x64
		{BA5033FF-2BDA-4E6F-8928-C0B4B7CEE4BF}.Debug|x86.ActiveCfg = Debug|Win32
		{BA5033FF-2BDA-4E6F-8928-C0B4B7CEE4BF}.Debug|x86.Build.0 = Debug|Win32
		{BA5033FF-2BDA-4E6F-8928-C0B4B7CEE4BF}.Release|x64.ActiveCfg = Release|x64
		{BA5033FF-2BDA-4E6F-8928-C0B4B7CEE4BF}.Release|x64.Build.0 = Release|x64
		{BA5033FF-2BDA-4E6F-8928-C0B4B7CEE4BF}.Release|x86.ActiveCfg = Release|Win32
		{BA5033FF-2BDA-4E6F-8928-C0B4B7CEE4BF}.Release|x86.Build.0 = Release|Win32
	EndGlobalSection
	GlobalSection(SolutionProperties) = preSolution
		HideSolutionNode = FALSE
	EndGlobalSection
EndGlobal
