
Microsoft Visual Studio Solution File, Format Version 12.00
# Visual Studio 14
VisualStudioVersion = 14.0.25420.1
MinimumVisualStudioVersion = 10.0.40219.1
Project("{8BC9CEB8-8B4A-11D0-8D11-00A0C91BC942}") = "Bt_1", "Bt_1\Bt_1.vcxproj", "{67A0F3BA-D374-47C2-A077-950B7D87CEF1}"
EndProject
Project("{8BC9CEB8-8B4A-11D0-8D11-00A0C91BC942}") = "Bt_2", "Bt_2\Bt_2.vcxproj", "{2D4CEA2D-9290-4DE9-B899-A3D4BCEF9E93}"
EndProject
Project("{8BC9CEB8-8B4A-11D0-8D11-00A0C91BC942}") = "Bt_3", "Bt_3\Bt_3.vcxproj", "{1490A2E3-437D-4BA1-84AF-4F452C5B5951}"
EndProject
Project("{8BC9CEB8-8B4A-11D0-8D11-00A0C91BC942}") = "Bt_4", "Bt_4\Bt_4.vcxproj", "{0ED2DB68-7D9D-444F-860F-9D84AA0659F8}"
EndProject
Project("{8BC9CEB8-8B4A-11D0-8D11-00A0C91BC942}") = "Project1", "Project1\Project1.vcxproj", "{C823C056-971A-4553-A26C-EA20F9885B68}"
EndProject
Global
	GlobalSection(SolutionConfigurationPlatforms) = preSolution
		Debug|x64 = Debug|x64
		Debug|x86 = Debug|x86
		Release|x64 = Release|x64
		Release|x86 = Release|x86
	EndGlobalSection
	GlobalSection(ProjectConfigurationPlatforms) = postSolution
		{67A0F3BA-D374-47C2-A077-950B7D87CEF1}.Debug|x64.ActiveCfg = Debug|x64
		{67A0F3BA-D374-47C2-A077-950B7D87CEF1}.Debug|x64.Build.0 = Debug|x64
		{67A0F3BA-D374-47C2-A077-950B7D87CEF1}.Debug|x86.ActiveCfg = Debug|Win32
		{67A0F3BA-D374-47C2-A077-950B7D87CEF1}.Debug|x86.Build.0 = Debug|Win32
		{67A0F3BA-D374-47C2-A077-950B7D87CEF1}.Release|x64.ActiveCfg = Release|x64
		{67A0F3BA-D374-47C2-A077-950B7D87CEF1}.Release|x64.Build.0 = Release|x64
		{67A0F3BA-D374-47C2-A077-950B7D87CEF1}.Release|x86.ActiveCfg = Release|Win32
		{67A0F3BA-D374-47C2-A077-950B7D87CEF1}.Release|x86.Build.0 = Release|Win32
		{2D4CEA2D-9290-4DE9-B899-A3D4BCEF9E93}.Debug|x64.ActiveCfg = Debug|x64
		{2D4CEA2D-9290-4DE9-B899-A3D4BCEF9E93}.Debug|x64.Build.0 = Debug|x64
		{2D4CEA2D-9290-4DE9-B899-A3D4BCEF9E93}.Debug|x86.ActiveCfg = Debug|Win32
		{2D4CEA2D-9290-4DE9-B899-A3D4BCEF9E93}.Debug|x86.Build.0 = Debug|Win32
		{2D4CEA2D-9290-4DE9-B899-A3D4BCEF9E93}.Release|x64.ActiveCfg = Release|x64
		{2D4CEA2D-9290-4DE9-B899-A3D4BCEF9E93}.Release|x64.Build.0 = Release|x64
		{2D4CEA2D-9290-4DE9-B899-A3D4BCEF9E93}.Release|x86.ActiveCfg = Release|Win32
		{2D4CEA2D-9290-4DE9-B899-A3D4BCEF9E93}.Release|x86.Build.0 = Release|Win32
		{1490A2E3-437D-4BA1-84AF-4F452C5B5951}.Debug|x64.ActiveCfg = Debug|x64
		{1490A2E3-437D-4BA1-84AF-4F452C5B5951}.Debug|x64.Build.0 = Debug|x64
		{1490A2E3-437D-4BA1-84AF-4F452C5B5951}.Debug|x86.ActiveCfg = Debug|Win32
		{1490A2E3-437D-4BA1-84AF-4F452C5B5951}.Debug|x86.Build.0 = Debug|Win32
		{1490A2E3-437D-4BA1-84AF-4F452C5B5951}.Release|x64.ActiveCfg = Release|x64
		{1490A2E3-437D-4BA1-84AF-4F452C5B5951}.Release|x64.Build.0 = Release|x64
		{1490A2E3-437D-4BA1-84AF-4F452C5B5951}.Release|x86.ActiveCfg = Release|Win32
		{1490A2E3-437D-4BA1-84AF-4F452C5B5951}.Release|x86.Build.0 = Release|Win32
		{0ED2DB68-7D9D-444F-860F-9D84AA0659F8}.Debug|x64.ActiveCfg = Debug|x64
		{0ED2DB68-7D9D-444F-860F-9D84AA0659F8}.Debug|x64.Build.0 = Debug|x64
		{0ED2DB68-7D9D-444F-860F-9D84AA0659F8}.Debug|x86.ActiveCfg = Debug|Win32
		{0ED2DB68-7D9D-444F-860F-9D84AA0659F8}.Debug|x86.Build.0 = Debug|Win32
		{0ED2DB68-7D9D-444F-860F-9D84AA0659F8}.Release|x64.ActiveCfg = Release|x64
		{0ED2DB68-7D9D-444F-860F-9D84AA0659F8}.Release|x64.Build.0 = Release|x64
		{0ED2DB68-7D9D-444F-860F-9D84AA0659F8}.Release|x86.ActiveCfg = Release|Win32
		{0ED2DB68-7D9D-444F-860F-9D84AA0659F8}.Release|x86.Build.0 = Release|Win32
		{C823C056-971A-4553-A26C-EA20F9885B68}.Debug|x64.ActiveCfg = Debug|x64
		{C823C056-971A-4553-A26C-EA20F9885B68}.Debug|x64.Build.0 = Debug|x64
		{C823C056-971A-4553-A26C-EA20F9885B68}.Debug|x86.ActiveCfg = Debug|Win32
		{C823C056-971A-4553-A26C-EA20F9885B68}.Debug|x86.Build.0 = Debug|Win32
		{C823C056-971A-4553-A26C-EA20F9885B68}.Release|x64.ActiveCfg = Release|x64
		{C823C056-971A-4553-A26C-EA20F9885B68}.Release|x64.Build.0 = Release|x64
		{C823C056-971A-4553-A26C-EA20F9885B68}.Release|x86.ActiveCfg = Release|Win32
		{C823C056-971A-4553-A26C-EA20F9885B68}.Release|x86.Build.0 = Release|Win32
	EndGlobalSection
	GlobalSection(SolutionProperties) = preSolution
		HideSolutionNode = FALSE
	EndGlobalSection
EndGlobal
