
Microsoft Visual Studio Solution File, Format Version 12.00
# Visual Studio 14
VisualStudioVersion = 14.0.25420.1
MinimumVisualStudioVersion = 10.0.40219.1
Project("{8BC9CEB8-8B4A-11D0-8D11-00A0C91BC942}") = "Bt_1", "Bt_1\Bt_1.vcxproj", "{67A0F3BA-D374-47C2-A077-950B7D87CEF1}"
EndProject
Project("{8BC9CEB8-8B4A-11D0-8D11-00A0C91BC942}") = "Bt_2", "Bt_2\Bt_2.vcxproj", "{2D4CEA2D-9290-4DE9-B899-A3D4BCEF9E93}"
EndProject
Project("{8BC9CEB8-8B4A-11D0-8D11-00A0C91BC942}") = "Bt_3", "Bt_3\Bt_3.vcxproj", "{1490A2E3-437D-4BA1-84AF-4F452C5B5951}"
EndProject
Project("{8BC9CEB8-8B4A-11D0-8D11-00A0C91BC942}") = "Bt_4", "Bt_4\Bt_4.vcxproj", "{0ED2DB68-7D9D-444F-860F-9D84AA0659F8}"
EndProject
Project("{8BC9CEB8-8B4A-11D0-8D11-00A0C91BC942}") = "Bt_5", "Bt_5\Bt_5.vcxproj", "{367301B2-1A5A-4713-A5D2-73C7896DD4A7}"
EndProject
Project("{8BC9CEB8-8B4A-11D0-8D11-00A0C91BC942}") = "Bt_6", "Bt_6\Bt_6.vcxproj", "{E7B7296B-FB0B-4BE2-BDCB-FA6555A20A45}"
EndProject
Project("{8BC9CEB8-8B4A-11D0-8D11-00A0C91BC942}") = "Bt_7", "Bt_7\Bt_7.vcxproj", "{80B0F6F9-A0C1-4904-AFF9-C1DD9482E746}"
EndProject
Project("{8BC9CEB8-8B4A-11D0-8D11-00A0C91BC942}") = "Bt_8", "Bt_8\Bt_8.vcxproj", "{F23CA704-9BB1-4FFE-A9AC-0C2A858E58F7}"
EndProject
Project("{8BC9CEB8-8B4A-11D0-8D11-00A0C91BC942}") = "Bt_9", "Bt_9\Bt_9.vcxproj", "{8AD68D5C-1361-4B00-B755-DB569E1CCC08}"
EndProject
Project("{8BC9CEB8-8B4A-11D0-8D11-00A0C91BC942}") = "Bt_10", "Bt_10\Bt_10.vcxproj", "{86EF2FF4-79FA-438E-973B-54B336BD0FF0}"
EndProject
Project("{8BC9CEB8-8B4A-11D0-8D11-00A0C91BC942}") = "Bt_11", "Bt_11\Bt_11.vcxproj", "{96F93F13-B508-4951-AC22-7D01648CBD79}"
EndProject
Project("{8BC9CEB8-8B4A-11D0-8D11-00A0C91BC942}") = "st", "st\st.vcxproj", "{38479392-6B1A-4496-A16A-BBC97DBD4F59}"
EndProject
Global
	GlobalSection(SolutionConfigurationPlatforms) = preSolution
		Debug|x64 = Debug|x64
		Debug|x86 = Debug|x86
		Release|x64 = Release|x64
		Release|x86 = Release|x86
	EndGlobalSection
	GlobalSection(ProjectConfigurationPlatforms) = postSolution
		{67A0F3BA-D374-47C2-A077-950B7D87CEF1}.Debug|x64.ActiveCfg = Debug|x64
		{67A0F3BA-D374-47C2-A077-950B7D87CEF1}.Debug|x64.Build.0 = Debug|x64
		{67A0F3BA-D374-47C2-A077-950B7D87CEF1}.Debug|x86.ActiveCfg = Debug|Win32
		{67A0F3BA-D374-47C2-A077-950B7D87CEF1}.Debug|x86.Build.0 = Debug|Win32
		{67A0F3BA-D374-47C2-A077-950B7D87CEF1}.Release|x64.ActiveCfg = Release|x64
		{67A0F3BA-D374-47C2-A077-950B7D87CEF1}.Release|x64.Build.0 = Release|x64
		{67A0F3BA-D374-47C2-A077-950B7D87CEF1}.Release|x86.ActiveCfg = Release|Win32
		{67A0F3BA-D374-47C2-A077-950B7D87CEF1}.Release|x86.Build.0 = Release|Win32
		{2D4CEA2D-9290-4DE9-B899-A3D4BCEF9E93}.Debug|x64.ActiveCfg = Debug|x64
		{2D4CEA2D-9290-4DE9-B899-A3D4BCEF9E93}.Debug|x64.Build.0 = Debug|x64
		{2D4CEA2D-9290-4DE9-B899-A3D4BCEF9E93}.Debug|x86.ActiveCfg = Debug|Win32
		{2D4CEA2D-9290-4DE9-B899-A3D4BCEF9E93}.Debug|x86.Build.0 = Debug|Win32
		{2D4CEA2D-9290-4DE9-B899-A3D4BCEF9E93}.Release|x64.ActiveCfg = Release|x64
		{2D4CEA2D-9290-4DE9-B899-A3D4BCEF9E93}.Release|x64.Build.0 = Release|x64
		{2D4CEA2D-9290-4DE9-B899-A3D4BCEF9E93}.Release|x86.ActiveCfg = Release|Win32
		{2D4CEA2D-9290-4DE9-B899-A3D4BCEF9E93}.Release|x86.Build.0 = Release|Win32
		{1490A2E3-437D-4BA1-84AF-4F452C5B5951}.Debug|x64.ActiveCfg = Debug|x64
		{1490A2E3-437D-4BA1-84AF-4F452C5B5951}.Debug|x64.Build.0 = Debug|x64
		{1490A2E3-437D-4BA1-84AF-4F452C5B5951}.Debug|x86.ActiveCfg = Debug|Win32
		{1490A2E3-437D-4BA1-84AF-4F452C5B5951}.Debug|x86.Build.0 = Debug|Win32
		{1490A2E3-437D-4BA1-84AF-4F452C5B5951}.Release|x64.ActiveCfg = Release|x64
		{1490A2E3-437D-4BA1-84AF-4F452C5B5951}.Release|x64.Build.0 = Release|x64
		{1490A2E3-437D-4BA1-84AF-4F452C5B5951}.Release|x86.ActiveCfg = Release|Win32
		{1490A2E3-437D-4BA1-84AF-4F452C5B5951}.Release|x86.Build.0 = Release|Win32
		{0ED2DB68-7D9D-444F-860F-9D84AA0659F8}.Debug|x64.ActiveCfg = Debug|x64
		{0ED2DB68-7D9D-444F-860F-9D84AA0659F8}.Debug|x64.Build.0 = Debug|x64
		{0ED2DB68-7D9D-444F-860F-9D84AA0659F8}.Debug|x86.ActiveCfg = Debug|Win32
		{0ED2DB68-7D9D-444F-860F-9D84AA0659F8}.Debug|x86.Build.0 = Debug|Win32
		{0ED2DB68-7D9D-444F-860F-9D84AA0659F8}.Release|x64.ActiveCfg = Release|x64
		{0ED2DB68-7D9D-444F-860F-9D84AA0659F8}.Release|x64.Build.0 = Release|x64
		{0ED2DB68-7D9D-444F-860F-9D84AA0659F8}.Release|x86.ActiveCfg = Release|Win32
		{0ED2DB68-7D9D-444F-860F-9D84AA0659F8}.Release|x86.Build.0 = Release|Win32
		{367301B2-1A5A-4713-A5D2-73C7896DD4A7}.Debug|x64.ActiveCfg = Debug|x64
		{367301B2-1A5A-4713-A5D2-73C7896DD4A7}.Debug|x64.Build.0 = Debug|x64
		{367301B2-1A5A-4713-A5D2-73C7896DD4A7}.Debug|x86.ActiveCfg = Debug|Win32
		{367301B2-1A5A-4713-A5D2-73C7896DD4A7}.Debug|x86.Build.0 = Debug|Win32
		{367301B2-1A5A-4713-A5D2-73C7896DD4A7}.Release|x64.ActiveCfg = Release|x64
		{367301B2-1A5A-4713-A5D2-73C7896DD4A7}.Release|x64.Build.0 = Release|x64
		{367301B2-1A5A-4713-A5D2-73C7896DD4A7}.Release|x86.ActiveCfg = Release|Win32
		{367301B2-1A5A-4713-A5D2-73C7896DD4A7}.Release|x86.Build.0 = Release|Win32
		{E7B7296B-FB0B-4BE2-BDCB-FA6555A20A45}.Debug|x64.ActiveCfg = Debug|x64
		{E7B7296B-FB0B-4BE2-BDCB-FA6555A20A45}.Debug|x64.Build.0 = Debug|x64
		{E7B7296B-FB0B-4BE2-BDCB-FA6555A20A45}.Debug|x86.ActiveCfg = Debug|Win32
		{E7B7296B-FB0B-4BE2-BDCB-FA6555A20A45}.Debug|x86.Build.0 = Debug|Win32
		{E7B7296B-FB0B-4BE2-BDCB-FA6555A20A45}.Release|x64.ActiveCfg = Release|x64
		{E7B7296B-FB0B-4BE2-BDCB-FA6555A20A45}.Release|x64.Build.0 = Release|x64
		{E7B7296B-FB0B-4BE2-BDCB-FA6555A20A45}.Release|x86.ActiveCfg = Release|Win32
		{E7B7296B-FB0B-4BE2-BDCB-FA6555A20A45}.Release|x86.Build.0 = Release|Win32
		{80B0F6F9-A0C1-4904-AFF9-C1DD9482E746}.Debug|x64.ActiveCfg = Debug|x64
		{80B0F6F9-A0C1-4904-AFF9-C1DD9482E746}.Debug|x64.Build.0 = Debug|x64
		{80B0F6F9-A0C1-4904-AFF9-C1DD9482E746}.Debug|x86.ActiveCfg = Debug|Win32
		{80B0F6F9-A0C1-4904-AFF9-C1DD9482E746}.Debug|x86.Build.0 = Debug|Win32
		{80B0F6F9-A0C1-4904-AFF9-C1DD9482E746}.Release|x64.ActiveCfg = Release|x64
		{80B0F6F9-A0C1-4904-AFF9-C1DD9482E746}.Release|x64.Build.0 = Release|x64
		{80B0F6F9-A0C1-4904-AFF9-C1DD9482E746}.Release|x86.ActiveCfg = Release|Win32
		{80B0F6F9-A0C1-4904-AFF9-C1DD9482E746}.Release|x86.Build.0 = Release|Win32
		{F23CA704-9BB1-4FFE-A9AC-0C2A858E58F7}.Debug|x64.ActiveCfg = Debug|x64
		{F23CA704-9BB1-4FFE-A9AC-0C2A858E58F7}.Debug|x64.Build.0 = Debug|x64
		{F23CA704-9BB1-4FFE-A9AC-0C2A858E58F7}.Debug|x86.ActiveCfg = Debug|Win32
		{F23CA704-9BB1-4FFE-A9AC-0C2A858E58F7}.Debug|x86.Build.0 = Debug|Win32
		{F23CA704-9BB1-4FFE-A9AC-0C2A858E58F7}.Release|x64.ActiveCfg = Release|x64
		{F23CA704-9BB1-4FFE-A9AC-0C2A858E58F7}.Release|x64.Build.0 = Release|x64
		{F23CA704-9BB1-4FFE-A9AC-0C2A858E58F7}.Release|x86.ActiveCfg = Release|Win32
		{F23CA704-9BB1-4FFE-A9AC-0C2A858E58F7}.Release|x86.Build.0 = Release|Win32
		{8AD68D5C-1361-4B00-B755-DB569E1CCC08}.Debug|x64.ActiveCfg = Debug|x64
		{8AD68D5C-1361-4B00-B755-DB569E1CCC08}.Debug|x64.Build.0 = Debug|x64
		{8AD68D5C-1361-4B00-B755-DB569E1CCC08}.Debug|x86.ActiveCfg = Debug|Win32
		{8AD68D5C-1361-4B00-B755-DB569E1CCC08}.Debug|x86.Build.0 = Debug|Win32
		{8AD68D5C-1361-4B00-B755-DB569E1CCC08}.Release|x64.ActiveCfg = Release|x64
		{8AD68D5C-1361-4B00-B755-DB569E1CCC08}.Release|x64.Build.0 = Release|x64
		{8AD68D5C-1361-4B00-B755-DB569E1CCC08}.Release|x86.ActiveCfg = Release|Win32
		{8AD68D5C-1361-4B00-B755-DB569E1CCC08}.Release|x86.Build.0 = Release|Win32
		{86EF2FF4-79FA-438E-973B-54B336BD0FF0}.Debug|x64.ActiveCfg = Debug|x64
		{86EF2FF4-79FA-438E-973B-54B336BD0FF0}.Debug|x64.Build.0 = Debug|x64
		{86EF2FF4-79FA-438E-973B-54B336BD0FF0}.Debug|x86.ActiveCfg = Debug|Win32
		{86EF2FF4-79FA-438E-973B-54B336BD0FF0}.Debug|x86.Build.0 = Debug|Win32
		{86EF2FF4-79FA-438E-973B-54B336BD0FF0}.Release|x64.ActiveCfg = Release|x64
		{86EF2FF4-79FA-438E-973B-54B336BD0FF0}.Release|x64.Build.0 = Release|x64
		{86EF2FF4-79FA-438E-973B-54B336BD0FF0}.Release|x86.ActiveCfg = Release|Win32
		{86EF2FF4-79FA-438E-973B-54B336BD0FF0}.Release|x86.Build.0 = Release|Win32
		{96F93F13-B508-4951-AC22-7D01648CBD79}.Debug|x64.ActiveCfg = Debug|x64
		{96F93F13-B508-4951-AC22-7D01648CBD79}.Debug|x64.Build.0 = Debug|x64
		{96F93F13-B508-4951-AC22-7D01648CBD79}.Debug|x86.ActiveCfg = Debug|Win32
		{96F93F13-B508-4951-AC22-7D01648CBD79}.Debug|x86.Build.0 = Debug|Win32
		{96F93F13-B508-4951-AC22-7D01648CBD79}.Release|x64.ActiveCfg = Release|x64
		{96F93F13-B508-4951-AC22-7D01648CBD79}.Release|x64.Build.0 = Release|x64
		{96F93F13-B508-4951-AC22-7D01648CBD79}.Release|x86.ActiveCfg = Release|Win32
		{96F93F13-B508-4951-AC22-7D01648CBD79}.Release|x86.Build.0 = Release|Win32
		{38479392-6B1A-4496-A16A-BBC97DBD4F59}.Debug|x64.ActiveCfg = Debug|x64
		{38479392-6B1A-4496-A16A-BBC97DBD4F59}.Debug|x64.Build.0 = Debug|x64
		{38479392-6B1A-4496-A16A-BBC97DBD4F59}.Debug|x86.ActiveCfg = Debug|Win32
		{38479392-6B1A-4496-A16A-BBC97DBD4F59}.Debug|x86.Build.0 = Debug|Win32
		{38479392-6B1A-4496-A16A-BBC97DBD4F59}.Release|x64.ActiveCfg = Release|x64
		{38479392-6B1A-4496-A16A-BBC97DBD4F59}.Release|x64.Build.0 = Release|x64
		{38479392-6B1A-4496-A16A-BBC97DBD4F59}.Release|x86.ActiveCfg = Release|Win32
		{38479392-6B1A-4496-A16A-BBC97DBD4F59}.Release|x86.Build.0 = Release|Win32
	EndGlobalSection
	GlobalSection(SolutionProperties) = preSolution
		HideSolutionNode = FALSE
	EndGlobalSection
EndGlobal
