
Microsoft Visual Studio Solution File, Format Version 12.00
# Visual Studio 14
VisualStudioVersion = 14.0.25420.1
MinimumVisualStudioVersion = 10.0.40219.1
Project("{8BC9CEB8-8B4A-11D0-8D11-00A0C91BC942}") = "Bt_1", "Bt_1\Bt_1.vcxproj", "{F20618D3-39F6-4DB1-996F-24D31C243B00}"
EndProject
Project("{8BC9CEB8-8B4A-11D0-8D11-00A0C91BC942}") = "Bt_2", "Bt_2\Bt_2.vcxproj", "{3BFC83D5-117B-4921-A564-7643C8F2FF13}"
EndProject
Project("{8BC9CEB8-8B4A-11D0-8D11-00A0C91BC942}") = "Bt_3", "Bt_3\Bt_3.vcxproj", "{D54D9DEA-8E98-40F9-867E-3BD0B14027DD}"
EndProject
Project("{8BC9CEB8-8B4A-11D0-8D11-00A0C91BC942}") = "Bt_4", "Bt_4\Bt_4.vcxproj", "{01598753-25D6-4E68-8EAD-EDE9CCD6A886}"
EndProject
Project("{8BC9CEB8-8B4A-11D0-8D11-00A0C91BC942}") = "Bt_5", "Bt_5\Bt_5.vcxproj", "{67EF8378-46B6-4527-BE5F-A9D0028CE983}"
EndProject
Project("{8BC9CEB8-8B4A-11D0-8D11-00A0C91BC942}") = "Bt_6", "Bt_6\Bt_6.vcxproj", "{97EEDAD7-A7E8-4041-851E-EB3319501EE0}"
EndProject
Project("{8BC9CEB8-8B4A-11D0-8D11-00A0C91BC942}") = "Bt_7_coi_ky_Sap_xep", "Bt_7\Bt_7.vcxproj", "{7FBC8CFC-43B2-41B3-B759-9D9B85A1F784}"
EndProject
Project("{8BC9CEB8-8B4A-11D0-8D11-00A0C91BC942}") = "Bt_8", "Bt_8\Bt_8.vcxproj", "{26FE3781-DBB9-4725-963C-AEB6B2548BFB}"
EndProject
Project("{8BC9CEB8-8B4A-11D0-8D11-00A0C91BC942}") = "Bt_9", "Bt_9\Bt_9.vcxproj", "{CC2FE94C-7CE1-4DA2-A3A1-B9DA6EA866FF}"
EndProject
Project("{8BC9CEB8-8B4A-11D0-8D11-00A0C91BC942}") = "Bt_010", "Bt_010\Bt_010.vcxproj", "{2B66F1A9-7AD9-4CEF-934F-ECC1B50B7BAE}"
EndProject
Global
	GlobalSection(SolutionConfigurationPlatforms) = preSolution
		Debug|x64 = Debug|x64
		Debug|x86 = Debug|x86
		Release|x64 = Release|x64
		Release|x86 = Release|x86
	EndGlobalSection
	GlobalSection(ProjectConfigurationPlatforms) = postSolution
		{F20618D3-39F6-4DB1-996F-24D31C243B00}.Debug|x64.ActiveCfg = Debug|x64
		{F20618D3-39F6-4DB1-996F-24D31C243B00}.Debug|x64.Build.0 = Debug|x64
		{F20618D3-39F6-4DB1-996F-24D31C243B00}.Debug|x86.ActiveCfg = Debug|Win32
		{F20618D3-39F6-4DB1-996F-24D31C243B00}.Debug|x86.Build.0 = Debug|Win32
		{F20618D3-39F6-4DB1-996F-24D31C243B00}.Release|x64.ActiveCfg = Release|x64
		{F20618D3-39F6-4DB1-996F-24D31C243B00}.Release|x64.Build.0 = Release|x64
		{F20618D3-39F6-4DB1-996F-24D31C243B00}.Release|x86.ActiveCfg = Release|Win32
		{F20618D3-39F6-4DB1-996F-24D31C243B00}.Release|x86.Build.0 = Release|Win32
		{3BFC83D5-117B-4921-A564-7643C8F2FF13}.Debug|x64.ActiveCfg = Debug|x64
		{3BFC83D5-117B-4921-A564-7643C8F2FF13}.Debug|x64.Build.0 = Debug|x64
		{3BFC83D5-117B-4921-A564-7643C8F2FF13}.Debug|x86.ActiveCfg = Debug|Win32
		{3BFC83D5-117B-4921-A564-7643C8F2FF13}.Debug|x86.Build.0 = Debug|Win32
		{3BFC83D5-117B-4921-A564-7643C8F2FF13}.Release|x64.ActiveCfg = Release|x64
		{3BFC83D5-117B-4921-A564-7643C8F2FF13}.Release|x64.Build.0 = Release|x64
		{3BFC83D5-117B-4921-A564-7643C8F2FF13}.Release|x86.ActiveCfg = Release|Win32
		{3BFC83D5-117B-4921-A564-7643C8F2FF13}.Release|x86.Build.0 = Release|Win32
		{D54D9DEA-8E98-40F9-867E-3BD0B14027DD}.Debug|x64.ActiveCfg = Debug|x64
		{D54D9DEA-8E98-40F9-867E-3BD0B14027DD}.Debug|x64.Build.0 = Debug|x64
		{D54D9DEA-8E98-40F9-867E-3BD0B14027DD}.Debug|x86.ActiveCfg = Debug|Win32
		{D54D9DEA-8E98-40F9-867E-3BD0B14027DD}.Debug|x86.Build.0 = Debug|Win32
		{D54D9DEA-8E98-40F9-867E-3BD0B14027DD}.Release|x64.ActiveCfg = Release|x64
		{D54D9DEA-8E98-40F9-867E-3BD0B14027DD}.Release|x64.Build.0 = Release|x64
		{D54D9DEA-8E98-40F9-867E-3BD0B14027DD}.Release|x86.ActiveCfg = Release|Win32
		{D54D9DEA-8E98-40F9-867E-3BD0B14027DD}.Release|x86.Build.0 = Release|Win32
		{01598753-25D6-4E68-8EAD-EDE9CCD6A886}.Debug|x64.ActiveCfg = Debug|x64
		{01598753-25D6-4E68-8EAD-EDE9CCD6A886}.Debug|x64.Build.0 = Debug|x64
		{01598753-25D6-4E68-8EAD-EDE9CCD6A886}.Debug|x86.ActiveCfg = Debug|Win32
		{01598753-25D6-4E68-8EAD-EDE9CCD6A886}.Debug|x86.Build.0 = Debug|Win32
		{01598753-25D6-4E68-8EAD-EDE9CCD6A886}.Release|x64.ActiveCfg = Release|x64
		{01598753-25D6-4E68-8EAD-EDE9CCD6A886}.Release|x64.Build.0 = Release|x64
		{01598753-25D6-4E68-8EAD-EDE9CCD6A886}.Release|x86.ActiveCfg = Release|Win32
		{01598753-25D6-4E68-8EAD-EDE9CCD6A886}.Release|x86.Build.0 = Release|Win32
		{67EF8378-46B6-4527-BE5F-A9D0028CE983}.Debug|x64.ActiveCfg = Debug|x64
		{67EF8378-46B6-4527-BE5F-A9D0028CE983}.Debug|x64.Build.0 = Debug|x64
		{67EF8378-46B6-4527-BE5F-A9D0028CE983}.Debug|x86.ActiveCfg = Debug|Win32
		{67EF8378-46B6-4527-BE5F-A9D0028CE983}.Debug|x86.Build.0 = Debug|Win32
		{67EF8378-46B6-4527-BE5F-A9D0028CE983}.Release|x64.ActiveCfg = Release|x64
		{67EF8378-46B6-4527-BE5F-A9D0028CE983}.Release|x64.Build.0 = Release|x64
		{67EF8378-46B6-4527-BE5F-A9D0028CE983}.Release|x86.ActiveCfg = Release|Win32
		{67EF8378-46B6-4527-BE5F-A9D0028CE983}.Release|x86.Build.0 = Release|Win32
		{97EEDAD7-A7E8-4041-851E-EB3319501EE0}.Debug|x64.ActiveCfg = Debug|x64
		{97EEDAD7-A7E8-4041-851E-EB3319501EE0}.Debug|x64.Build.0 = Debug|x64
		{97EEDAD7-A7E8-4041-851E-EB3319501EE0}.Debug|x86.ActiveCfg = Debug|Win32
		{97EEDAD7-A7E8-4041-851E-EB3319501EE0}.Debug|x86.Build.0 = Debug|Win32
		{97EEDAD7-A7E8-4041-851E-EB3319501EE0}.Release|x64.ActiveCfg = Release|x64
		{97EEDAD7-A7E8-4041-851E-EB3319501EE0}.Release|x64.Build.0 = Release|x64
		{97EEDAD7-A7E8-4041-851E-EB3319501EE0}.Release|x86.ActiveCfg = Release|Win32
		{97EEDAD7-A7E8-4041-851E-EB3319501EE0}.Release|x86.Build.0 = Release|Win32
		{7FBC8CFC-43B2-41B3-B759-9D9B85A1F784}.Debug|x64.ActiveCfg = Debug|x64
		{7FBC8CFC-43B2-41B3-B759-9D9B85A1F784}.Debug|x64.Build.0 = Debug|x64
		{7FBC8CFC-43B2-41B3-B759-9D9B85A1F784}.Debug|x86.ActiveCfg = Debug|Win32
		{7FBC8CFC-43B2-41B3-B759-9D9B85A1F784}.Debug|x86.Build.0 = Debug|Win32
		{7FBC8CFC-43B2-41B3-B759-9D9B85A1F784}.Release|x64.ActiveCfg = Release|x64
		{7FBC8CFC-43B2-41B3-B759-9D9B85A1F784}.Release|x64.Build.0 = Release|x64
		{7FBC8CFC-43B2-41B3-B759-9D9B85A1F784}.Release|x86.ActiveCfg = Release|Win32
		{7FBC8CFC-43B2-41B3-B759-9D9B85A1F784}.Release|x86.Build.0 = Release|Win32
		{26FE3781-DBB9-4725-963C-AEB6B2548BFB}.Debug|x64.ActiveCfg = Debug|x64
		{26FE3781-DBB9-4725-963C-AEB6B2548BFB}.Debug|x64.Build.0 = Debug|x64
		{26FE3781-DBB9-4725-963C-AEB6B2548BFB}.Debug|x86.ActiveCfg = Debug|Win32
		{26FE3781-DBB9-4725-963C-AEB6B2548BFB}.Debug|x86.Build.0 = Debug|Win32
		{26FE3781-DBB9-4725-963C-AEB6B2548BFB}.Release|x64.ActiveCfg = Release|x64
		{26FE3781-DBB9-4725-963C-AEB6B2548BFB}.Release|x64.Build.0 = Release|x64
		{26FE3781-DBB9-4725-963C-AEB6B2548BFB}.Release|x86.ActiveCfg = Release|Win32
		{26FE3781-DBB9-4725-963C-AEB6B2548BFB}.Release|x86.Build.0 = Release|Win32
		{CC2FE94C-7CE1-4DA2-A3A1-B9DA6EA866FF}.Debug|x64.ActiveCfg = Debug|x64
		{CC2FE94C-7CE1-4DA2-A3A1-B9DA6EA866FF}.Debug|x64.Build.0 = Debug|x64
		{CC2FE94C-7CE1-4DA2-A3A1-B9DA6EA866FF}.Debug|x86.ActiveCfg = Debug|Win32
		{CC2FE94C-7CE1-4DA2-A3A1-B9DA6EA866FF}.Debug|x86.Build.0 = Debug|Win32
		{CC2FE94C-7CE1-4DA2-A3A1-B9DA6EA866FF}.Release|x64.ActiveCfg = Release|x64
		{CC2FE94C-7CE1-4DA2-A3A1-B9DA6EA866FF}.Release|x64.Build.0 = Release|x64
		{CC2FE94C-7CE1-4DA2-A3A1-B9DA6EA866FF}.Release|x86.ActiveCfg = Release|Win32
		{CC2FE94C-7CE1-4DA2-A3A1-B9DA6EA866FF}.Release|x86.Build.0 = Release|Win32
		{2B66F1A9-7AD9-4CEF-934F-ECC1B50B7BAE}.Debug|x64.ActiveCfg = Debug|x64
		{2B66F1A9-7AD9-4CEF-934F-ECC1B50B7BAE}.Debug|x64.Build.0 = Debug|x64
		{2B66F1A9-7AD9-4CEF-934F-ECC1B50B7BAE}.Debug|x86.ActiveCfg = Debug|Win32
		{2B66F1A9-7AD9-4CEF-934F-ECC1B50B7BAE}.Debug|x86.Build.0 = Debug|Win32
		{2B66F1A9-7AD9-4CEF-934F-ECC1B50B7BAE}.Release|x64.ActiveCfg = Release|x64
		{2B66F1A9-7AD9-4CEF-934F-ECC1B50B7BAE}.Release|x64.Build.0 = Release|x64
		{2B66F1A9-7AD9-4CEF-934F-ECC1B50B7BAE}.Release|x86.ActiveCfg = Release|Win32
		{2B66F1A9-7AD9-4CEF-934F-ECC1B50B7BAE}.Release|x86.Build.0 = Release|Win32
	EndGlobalSection
	GlobalSection(SolutionProperties) = preSolution
		HideSolutionNode = FALSE
	EndGlobalSection
EndGlobal
